
Microsoft Visual Studio Solution File, Format Version 11.00
# Visual Studio 2010
Project("{FAE04EC0-301F-11D3-BF4B-00C04F79EFBC}") = "TwitterApiProxy", "TwitterAPIProxy\TwitterApiProxy.csproj", "{5F6A0800-3444-45D2-8C02-F56954D84F46}"
EndProject
Project("{FAE04EC0-301F-11D3-BF4B-00C04F79EFBC}") = "TwitterApiClient", "TwitterAPIClient\TwitterApiClient.csproj", "{48DAF64F-AED8-4B37-A35A-84BFAC9CCEE9}"
EndProject
Project("{2150E333-8FDC-42A3-9474-1A3956D46DE8}") = "Solution Items", "Solution Items", "{BB4B59FD-4574-40D4-A473-C5076EFA544F}"
	ProjectSection(SolutionItems) = preProject
		ReadMe.txt = ReadMe.txt
	EndProjectSection
EndProject
Global
	GlobalSection(SolutionConfigurationPlatforms) = preSolution
		Debug|Any CPU = Debug|Any CPU
		Release|Any CPU = Release|Any CPU
	EndGlobalSection
	GlobalSection(ProjectConfigurationPlatforms) = postSolution
		{5F6A0800-3444-45D2-8C02-F56954D84F46}.Debug|Any CPU.ActiveCfg = Debug|Any CPU
		{5F6A0800-3444-45D2-8C02-F56954D84F46}.Debug|Any CPU.Build.0 = Debug|Any CPU
		{5F6A0800-3444-45D2-8C02-F56954D84F46}.Release|Any CPU.ActiveCfg = Release|Any CPU
		{5F6A0800-3444-45D2-8C02-F56954D84F46}.Release|Any CPU.Build.0 = Release|Any CPU
		{48DAF64F-AED8-4B37-A35A-84BFAC9CCEE9}.Debug|Any CPU.ActiveCfg = Debug|Any CPU
		{48DAF64F-AED8-4B37-A35A-84BFAC9CCEE9}.Debug|Any CPU.Build.0 = Debug|Any CPU
		{48DAF64F-AED8-4B37-A35A-84BFAC9CCEE9}.Release|Any CPU.ActiveCfg = Release|Any CPU
		{48DAF64F-AED8-4B37-A35A-84BFAC9CCEE9}.Release|Any CPU.Build.0 = Release|Any CPU
	EndGlobalSection
	GlobalSection(SolutionProperties) = preSolution
		HideSolutionNode = FALSE
	EndGlobalSection
EndGlobal
